// !$*UTF8*$!
{
	archiveVersion = 1;
	classes = {
	};
	objectVersion = 46;
	objects = {

/* Begin PBXBuildFile section */
		2F93EBC81A46D23900EA6173 /* AppDelegate.swift in Sources */ = {isa = PBXBuildFile; fileRef = 2F93EBC71A46D23900EA6173 /* AppDelegate.swift */; };
		2F93EBCA1A46D23900EA6173 /* GameView.swift in Sources */ = {isa = PBXBuildFile; fileRef = 2F93EBC91A46D23900EA6173 /* GameView.swift */; };
		2F93EBCC1A46D23900EA6173 /* GameViewController.swift in Sources */ = {isa = PBXBuildFile; fileRef = 2F93EBCB1A46D23900EA6173 /* GameViewController.swift */; };
		2F93EBCE1A46D23900EA6173 /* art.scnassets in Resources */ = {isa = PBXBuildFile; fileRef = 2F93EBCD1A46D23900EA6173 /* art.scnassets */; };
		2F93EBD01A46D23900EA6173 /* Images.xcassets in Resources */ = {isa = PBXBuildFile; fileRef = 2F93EBCF1A46D23900EA6173 /* Images.xcassets */; };
		2F93EBD31A46D23900EA6173 /* MainMenu.xib in Resources */ = {isa = PBXBuildFile; fileRef = 2F93EBD11A46D23900EA6173 /* MainMenu.xib */; };
		2F93EBDF1A46D23900EA6173 /* SceneKit_Swift_Moving_ObjectsTests.swift in Sources */ = {isa = PBXBuildFile; fileRef = 2F93EBDE1A46D23900EA6173 /* SceneKit_Swift_Moving_ObjectsTests.swift */; };
/* End PBXBuildFile section */

/* Begin PBXContainerItemProxy section */
		2F93EBD91A46D23900EA6173 /* PBXContainerItemProxy */ = {
			isa = PBXContainerItemProxy;
			containerPortal = 2F93EBBA1A46D23900EA6173 /* Project object */;
			proxyType = 1;
			remoteGlobalIDString = 2F93EBC11A46D23900EA6173;
			remoteInfo = "SceneKit Swift Moving Objects";
		};
/* End PBXContainerItemProxy section */

/* Begin PBXFileReference section */
		2F93EBC21A46D23900EA6173 /* SceneKit Swift Moving Objects.app */ = {isa = PBXFileReference; explicitFileType = wrapper.application; includeInIndex = 0; path = "SceneKit Swift Moving Objects.app"; sourceTree = BUILT_PRODUCTS_DIR; };
		2F93EBC61A46D23900EA6173 /* Info.plist */ = {isa = PBXFileReference; lastKnownFileType = text.plist.xml; path = Info.plist; sourceTree = "<group>"; };
		2F93EBC71A46D23900EA6173 /* AppDelegate.swift */ = {isa = PBXFileReference; lastKnownFileType = sourcecode.swift; path = AppDelegate.swift; sourceTree = "<group>"; };
		2F93EBC91A46D23900EA6173 /* GameView.swift */ = {isa = PBXFileReference; lastKnownFileType = sourcecode.swift; path = GameView.swift; sourceTree = "<group>"; };
		2F93EBCB1A46D23900EA6173 /* GameViewController.swift */ = {isa = PBXFileReference; lastKnownFileType = sourcecode.swift; path = GameViewController.swift; sourceTree = "<group>"; };
		2F93EBCD1A46D23900EA6173 /* art.scnassets */ = {isa = PBXFileReference; lastKnownFileType = wrapper.scnassets; path = art.scnassets; sourceTree = "<group>"; };
		2F93EBCF1A46D23900EA6173 /* Images.xcassets */ = {isa = PBXFileReference; lastKnownFileType = folder.assetcatalog; path = Images.xcassets; sourceTree = "<group>"; };
		2F93EBD21A46D23900EA6173 /* Base */ = {isa = PBXFileReference; lastKnownFileType = file.xib; name = Base; path = Base.lproj/MainMenu.xib; sourceTree = "<group>"; };
		2F93EBD81A46D23900EA6173 /* SceneKit Swift Moving ObjectsTests.xctest */ = {isa = PBXFileReference; explicitFileType = wrapper.cfbundle; includeInIndex = 0; path = "SceneKit Swift Moving ObjectsTests.xctest"; sourceTree = BUILT_PRODUCTS_DIR; };
		2F93EBDD1A46D23900EA6173 /* Info.plist */ = {isa = PBXFileReference; lastKnownFileType = text.plist.xml; path = Info.plist; sourceTree = "<group>"; };
		2F93EBDE1A46D23900EA6173 /* SceneKit_Swift_Moving_ObjectsTests.swift */ = {isa = PBXFileReference; lastKnownFileType = sourcecode.swift; path = SceneKit_Swift_Moving_ObjectsTests.swift; sourceTree = "<group>"; };
/* End PBXFileReference section */

/* Begin PBXFrameworksBuildPhase section */
		2F93EBBF1A46D23900EA6173 /* Frameworks */ = {
			isa = PBXFrameworksBuildPhase;
			buildActionMask = 2147483647;
			files = (
			);
			runOnlyForDeploymentPostprocessing = 0;
		};
		2F93EBD51A46D23900EA6173 /* Frameworks */ = {
			isa = PBXFrameworksBuildPhase;
			buildActionMask = 2147483647;
			files = (
			);
			runOnlyForDeploymentPostprocessing = 0;
		};
/* End PBXFrameworksBuildPhase section */

/* Begin PBXGroup section */
		2F93EBB91A46D23900EA6173 = {
			isa = PBXGroup;
			children = (
				2F93EBC41A46D23900EA6173 /* SceneKit Swift Moving Objects */,
				2F93EBDB1A46D23900EA6173 /* SceneKit Swift Moving ObjectsTests */,
				2F93EBC31A46D23900EA6173 /* Products */,
			);
			sourceTree = "<group>";
		};
		2F93EBC31A46D23900EA6173 /* Products */ = {
			isa = PBXGroup;
			children = (
				2F93EBC21A46D23900EA6173 /* SceneKit Swift Moving Objects.app */,
				2F93EBD81A46D23900EA6173 /* SceneKit Swift Moving ObjectsTests.xctest */,
			);
			name = Products;
			sourceTree = "<group>";
		};
		2F93EBC41A46D23900EA6173 /* SceneKit Swift Moving Objects */ = {
			isa = PBXGroup;
			children = (
				2F93EBC71A46D23900EA6173 /* AppDelegate.swift */,
				2F93EBC91A46D23900EA6173 /* GameView.swift */,
				2F93EBCB1A46D23900EA6173 /* GameViewController.swift */,
				2F93EBCD1A46D23900EA6173 /* art.scnassets */,
				2F93EBCF1A46D23900EA6173 /* Images.xcassets */,
				2F93EBD11A46D23900EA6173 /* MainMenu.xib */,
				2F93EBC51A46D23900EA6173 /* Supporting Files */,
			);
			path = "SceneKit Swift Moving Objects";
			sourceTree = "<group>";
		};
		2F93EBC51A46D23900EA6173 /* Supporting Files */ = {
			isa = PBXGroup;
			children = (
				2F93EBC61A46D23900EA6173 /* Info.plist */,
			);
			name = "Supporting Files";
			sourceTree = "<group>";
		};
		2F93EBDB1A46D23900EA6173 /* SceneKit Swift Moving ObjectsTests */ = {
			isa = PBXGroup;
			children = (
				2F93EBDE1A46D23900EA6173 /* SceneKit_Swift_Moving_ObjectsTests.swift */,
				2F93EBDC1A46D23900EA6173 /* Supporting Files */,
			);
			path = "SceneKit Swift Moving ObjectsTests";
			sourceTree = "<group>";
		};
		2F93EBDC1A46D23900EA6173 /* Supporting Files */ = {
			isa = PBXGroup;
			children = (
				2F93EBDD1A46D23900EA6173 /* Info.plist */,
			);
			name = "Supporting Files";
			sourceTree = "<group>";
		};
/* End PBXGroup section */

/* Begin PBXNativeTarget section */
		2F93EBC11A46D23900EA6173 /* SceneKit Swift Moving Objects */ = {
			isa = PBXNativeTarget;
			buildConfigurationList = 2F93EBE21A46D23900EA6173 /* Build configuration list for PBXNativeTarget "SceneKit Swift Moving Objects" */;
			buildPhases = (
				2F93EBBE1A46D23900EA6173 /* Sources */,
				2F93EBBF1A46D23900EA6173 /* Frameworks */,
				2F93EBC01A46D23900EA6173 /* Resources */,
			);
			buildRules = (
			);
			dependencies = (
			);
			name = "SceneKit Swift Moving Objects";
			productName = "SceneKit Swift Moving Objects";
			productReference = 2F93EBC21A46D23900EA6173 /* SceneKit Swift Moving Objects.app */;
			productType = "com.apple.product-type.application";
		};
		2F93EBD71A46D23900EA6173 /* SceneKit Swift Moving ObjectsTests */ = {
			isa = PBXNativeTarget;
			buildConfigurationList = 2F93EBE51A46D23900EA6173 /* Build configuration list for PBXNativeTarget "SceneKit Swift Moving ObjectsTests" */;
			buildPhases = (
				2F93EBD41A46D23900EA6173 /* Sources */,
				2F93EBD51A46D23900EA6173 /* Frameworks */,
				2F93EBD61A46D23900EA6173 /* Resources */,
			);
			buildRules = (
			);
			dependencies = (
				2F93EBDA1A46D23900EA6173 /* PBXTargetDependency */,
			);
			name = "SceneKit Swift Moving ObjectsTests";
			productName = "SceneKit Swift Moving ObjectsTests";
			productReference = 2F93EBD81A46D23900EA6173 /* SceneKit Swift Moving ObjectsTests.xctest */;
			productType = "com.apple.product-type.bundle.unit-test";
		};
/* End PBXNativeTarget section */

/* Begin PBXProject section */
		2F93EBBA1A46D23900EA6173 /* Project object */ = {
			isa = PBXProject;
			attributes = {
				LastUpgradeCheck = 0610;
				ORGANIZATIONNAME = "example code by Manuel Wentenschuh";
				TargetAttributes = {
					2F93EBC11A46D23900EA6173 = {
						CreatedOnToolsVersion = 6.1.1;
					};
					2F93EBD71A46D23900EA6173 = {
						CreatedOnToolsVersion = 6.1.1;
						TestTargetID = 2F93EBC11A46D23900EA6173;
					};
				};
			};
			buildConfigurationList = 2F93EBBD1A46D23900EA6173 /* Build configuration list for PBXProject "SceneKit Swift Moving Objects" */;
			compatibilityVersion = "Xcode 3.2";
			developmentRegion = English;
			hasScannedForEncodings = 0;
			knownRegions = (
				en,
				Base,
			);
			mainGroup = 2F93EBB91A46D23900EA6173;
			productRefGroup = 2F93EBC31A46D23900EA6173 /* Products */;
			projectDirPath = "";
			projectRoot = "";
			targets = (
				2F93EBC11A46D23900EA6173 /* SceneKit Swift Moving Objects */,
				2F93EBD71A46D23900EA6173 /* SceneKit Swift Moving ObjectsTests */,
			);
		};
/* End PBXProject section */

/* Begin PBXResourcesBuildPhase section */
		2F93EBC01A46D23900EA6173 /* Resources */ = {
			isa = PBXResourcesBuildPhase;
			buildActionMask = 2147483647;
			files = (
				2F93EBCE1A46D23900EA6173 /* art.scnassets in Resources */,
				2F93EBD01A46D23900EA6173 /* Images.xcassets in Resources */,
				2F93EBD31A46D23900EA6173 /* MainMenu.xib in Resources */,
			);
			runOnlyForDeploymentPostprocessing = 0;
		};
		2F93EBD61A46D23900EA6173 /* Resources */ = {
			isa = PBXResourcesBuildPhase;
			buildActionMask = 2147483647;
			files = (
			);
			runOnlyForDeploymentPostprocessing = 0;
		};
/* End PBXResourcesBuildPhase section */

/* Begin PBXSourcesBuildPhase section */
		2F93EBBE1A46D23900EA6173 /* Sources */ = {
			isa = PBXSourcesBuildPhase;
			buildActionMask = 2147483647;
			files = (
				2F93EBCA1A46D23900EA6173 /* GameView.swift in Sources */,
				2F93EBCC1A46D23900EA6173 /* GameViewController.swift in Sources */,
				2F93EBC81A46D23900EA6173 /* AppDelegate.swift in Sources */,
			);
			runOnlyForDeploymentPostprocessing = 0;
		};
		2F93EBD41A46D23900EA6173 /* Sources */ = {
			isa = PBXSourcesBuildPhase;
			buildActionMask = 2147483647;
			files = (
				2F93EBDF1A46D23900EA6173 /* SceneKit_Swift_Moving_ObjectsTests.swift in Sources */,
			);
			runOnlyForDeploymentPostprocessing = 0;
		};
/* End PBXSourcesBuildPhase section */

/* Begin PBXTargetDependency section */
		2F93EBDA1A46D23900EA6173 /* PBXTargetDependency */ = {
			isa = PBXTargetDependency;
			target = 2F93EBC11A46D23900EA6173 /* SceneKit Swift Moving Objects */;
			targetProxy = 2F93EBD91A46D23900EA6173 /* PBXContainerItemProxy */;
		};
/* End PBXTargetDependency section */

/* Begin PBXVariantGroup section */
		2F93EBD11A46D23900EA6173 /* MainMenu.xib */ = {
			isa = PBXVariantGroup;
			children = (
				2F93EBD21A46D23900EA6173 /* Base */,
			);
			name = MainMenu.xib;
			sourceTree = "<group>";
		};
/* End PBXVariantGroup section */

/* Begin XCBuildConfiguration section */
		2F93EBE01A46D23900EA6173 /* Debug */ = {
			isa = XCBuildConfiguration;
			buildSettings = {
				ALWAYS_SEARCH_USER_PATHS = NO;
				CLANG_CXX_LANGUAGE_STANDARD = "gnu++0x";
				CLANG_CXX_LIBRARY = "libc++";
				CLANG_ENABLE_MODULES = YES;
				CLANG_ENABLE_OBJC_ARC = YES;
				CLANG_WARN_BOOL_CONVERSION = YES;
				CLANG_WARN_CONSTANT_CONVERSION = YES;
				CLANG_WARN_DIRECT_OBJC_ISA_USAGE = YES_ERROR;
				CLANG_WARN_EMPTY_BODY = YES;
				CLANG_WARN_ENUM_CONVERSION = YES;
				CLANG_WARN_INT_CONVERSION = YES;
				CLANG_WARN_OBJC_ROOT_CLASS = YES_ERROR;
				CLANG_WARN_UNREACHABLE_CODE = YES;
				CLANG_WARN__DUPLICATE_METHOD_MATCH = YES;
				CODE_SIGN_IDENTITY = "-";
				COPY_PHASE_STRIP = NO;
				ENABLE_STRICT_OBJC_MSGSEND = YES;
				GCC_C_LANGUAGE_STANDARD = gnu99;
				GCC_DYNAMIC_NO_PIC = NO;
				GCC_OPTIMIZATION_LEVEL = 0;
				GCC_PREPROCESSOR_DEFINITIONS = (
					"DEBUG=1",
					"$(inherited)",
				);
				GCC_SYMBOLS_PRIVATE_EXTERN = NO;
				GCC_WARN_64_TO_32_BIT_CONVERSION = YES;
				GCC_WARN_ABOUT_RETURN_TYPE = YES_ERROR;
				GCC_WARN_UNDECLARED_SELECTOR = YES;
				GCC_WARN_UNINITIALIZED_AUTOS = YES_AGGRESSIVE;
				GCC_WARN_UNUSED_FUNCTION = YES;
				GCC_WARN_UNUSED_VARIABLE = YES;
				MACOSX_DEPLOYMENT_TARGET = 10.10;
				MTL_ENABLE_DEBUG_INFO = YES;
				ONLY_ACTIVE_ARCH = YES;
				SDKROOT = macosx;
				SWIFT_OPTIMIZATION_LEVEL = "-Onone";
			};
			name = Debug;
		};
		2F93EBE11A46D23900EA6173 /* Release */ = {
			isa = XCBuildConfiguration;
			buildSettings = {
				ALWAYS_SEARCH_USER_PATHS = NO;
				CLANG_CXX_LANGUAGE_STANDARD = "gnu++0x";
				CLANG_CXX_LIBRARY = "libc++";
				CLANG_ENABLE_MODULES = YES;
				CLANG_ENABLE_OBJC_ARC = YES;
				CLANG_WARN_BOOL_CONVERSION = YES;
				CLANG_WARN_CONSTANT_CONVERSION = YES;
				CLANG_WARN_DIRECT_OBJC_ISA_USAGE = YES_ERROR;
				CLANG_WARN_EMPTY_BODY = YES;
				CLANG_WARN_ENUM_CONVERSION = YES;
				CLANG_WARN_INT_CONVERSION = YES;
				CLANG_WARN_OBJC_ROOT_CLASS = YES_ERROR;
				CLANG_WARN_UNREACHABLE_CODE = YES;
				CLANG_WARN__DUPLICATE_METHOD_MATCH = YES;
				CODE_SIGN_IDENTITY = "-";
				COPY_PHASE_STRIP = YES;
				DEBUG_INFORMATION_FORMAT = "dwarf-with-dsym";
				ENABLE_NS_ASSERTIONS = NO;
				ENABLE_STRICT_OBJC_MSGSEND = YES;
				GCC_C_LANGUAGE_STANDARD = gnu99;
				GCC_WARN_64_TO_32_BIT_CONVERSION = YES;
				GCC_WARN_ABOUT_RETURN_TYPE = YES_ERROR;
				GCC_WARN_UNDECLARED_SELECTOR = YES;
				GCC_WARN_UNINITIALIZED_AUTOS = YES_AGGRESSIVE;
				GCC_WARN_UNUSED_FUNCTION = YES;
				GCC_WARN_UNUSED_VARIABLE = YES;
				MACOSX_DEPLOYMENT_TARGET = 10.10;
				MTL_ENABLE_DEBUG_INFO = NO;
				SDKROOT = macosx;
			};
			name = Release;
		};
		2F93EBE31A46D23900EA6173 /* Debug */ = {
			isa = XCBuildConfiguration;
			buildSettings = {
				ASSETCATALOG_COMPILER_APPICON_NAME = AppIcon;
				COMBINE_HIDPI_IMAGES = YES;
				INFOPLIST_FILE = "SceneKit Swift Moving Objects/Info.plist";
				LD_RUNPATH_SEARCH_PATHS = "$(inherited) @executable_path/../Frameworks";
				PRODUCT_NAME = "$(TARGET_NAME)";
			};
			name = Debug;
		};
		2F93EBE41A46D23900EA6173 /* Release */ = {
			isa = XCBuildConfiguration;
			buildSettings = {
				ASSETCATALOG_COMPILER_APPICON_NAME = AppIcon;
				COMBINE_HIDPI_IMAGES = YES;
				INFOPLIST_FILE = "SceneKit Swift Moving Objects/Info.plist";
				LD_RUNPATH_SEARCH_PATHS = "$(inherited) @executable_path/../Frameworks";
				PRODUCT_NAME = "$(TARGET_NAME)";
			};
			name = Release;
		};
		2F93EBE61A46D23900EA6173 /* Debug */ = {
			isa = XCBuildConfiguration;
			buildSettings = {
				BUNDLE_LOADER = "$(TEST_HOST)";
				COMBINE_HIDPI_IMAGES = YES;
				FRAMEWORK_SEARCH_PATHS = (
					"$(DEVELOPER_FRAMEWORKS_DIR)",
					"$(inherited)",
				);
				GCC_PREPROCESSOR_DEFINITIONS = (
					"DEBUG=1",
					"$(inherited)",
				);
				INFOPLIST_FILE = "SceneKit Swift Moving ObjectsTests/Info.plist";
				LD_RUNPATH_SEARCH_PATHS = "$(inherited) @executable_path/../Frameworks @loader_path/../Frameworks";
				PRODUCT_NAME = "$(TARGET_NAME)";
				TEST_HOST = "$(BUILT_PRODUCTS_DIR)/SceneKit Swift Moving Objects.app/Contents/MacOS/SceneKit Swift Moving Objects";
			};
			name = Debug;
		};
		2F93EBE71A46D23900EA6173 /* Release */ = {
			isa = XCBuildConfiguration;
			buildSettings = {
				BUNDLE_LOADER = "$(TEST_HOST)";
				COMBINE_HIDPI_IMAGES = YES;
				FRAMEWORK_SEARCH_PATHS = (
					"$(DEVELOPER_FRAMEWORKS_DIR)",
					"$(inherited)",
				);
				INFOPLIST_FILE = "SceneKit Swift Moving ObjectsTests/Info.plist";
				LD_RUNPATH_SEARCH_PATHS = "$(inherited) @executable_path/../Frameworks @loader_path/../Frameworks";
				PRODUCT_NAME = "$(TARGET_NAME)";
				TEST_HOST = "$(BUILT_PRODUCTS_DIR)/SceneKit Swift Moving Objects.app/Contents/MacOS/SceneKit Swift Moving Objects";
			};
			name = Release;
		};
/* End XCBuildConfiguration section */

/* Begin XCConfigurationList section */
		2F93EBBD1A46D23900EA6173 /* Build configuration list for PBXProject "SceneKit Swift Moving Objects" */ = {
			isa = XCConfigurationList;
			buildConfigurations = (
				2F93EBE01A46D23900EA6173 /* Debug */,
				2F93EBE11A46D23900EA6173 /* Release */,
			);
			defaultConfigurationIsVisible = 0;
			defaultConfigurationName = Release;
		};
		2F93EBE21A46D23900EA6173 /* Build configuration list for PBXNativeTarget "SceneKit Swift Moving Objects" */ = {
			isa = XCConfigurationList;
			buildConfigurations = (
				2F93EBE31A46D23900EA6173 /* Debug */,
				2F93EBE41A46D23900EA6173 /* Release */,
			);
			defaultConfigurationIsVisible = 0;
		};
		2F93EBE51A46D23900EA6173 /* Build configuration list for PBXNativeTarget "SceneKit Swift Moving ObjectsTests" */ = {
			isa = XCConfigurationList;
			buildConfigurations = (
				2F93EBE61A46D23900EA6173 /* Debug */,
				2F93EBE71A46D23900EA6173 /* Release */,
			);
			defaultConfigurationIsVisible = 0;
		};
/* End XCConfigurationList section */
	};
	rootObject = 2F93EBBA1A46D23900EA6173 /* Project object */;
}
